
Microsoft Visual Studio Solution File, Format Version 12.00
# Visual Studio Version 16
VisualStudioVersion = 16.0.31205.134
MinimumVisualStudioVersion = 10.0.40219.1
Project("{FAE04EC0-301F-11D3-BF4B-00C04F79EFBC}") = "v0630", "v0630\v0630.csproj", "{B12F9B17-5474-4F09-ACF8-BA0D4EFCE8A8}"
EndProject
Global
	GlobalSection(SolutionConfigurationPlatforms) = preSolution
		Debug|Any CPU = Debug|Any CPU
		Release|Any CPU = Release|Any CPU
	EndGlobalSection
	GlobalSection(ProjectConfigurationPlatforms) = postSolution
		{B12F9B17-5474-4F09-ACF8-BA0D4EFCE8A8}.Debug|Any CPU.ActiveCfg = Debug|Any CPU
		{B12F9B17-5474-4F09-ACF8-BA0D4EFCE8A8}.Debug|Any CPU.Build.0 = Debug|Any CPU
		{B12F9B17-5474-4F09-ACF8-BA0D4EFCE8A8}.Release|Any CPU.ActiveCfg = Release|Any CPU
		{B12F9B17-5474-4F09-ACF8-BA0D4EFCE8A8}.Release|Any CPU.Build.0 = Release|Any CPU
	EndGlobalSection
	GlobalSection(SolutionProperties) = preSolution
		HideSolutionNode = FALSE
	EndGlobalSection
	GlobalSection(ExtensibilityGlobals) = postSolution
		SolutionGuid = {A3961058-DAA4-4811-A63D-3D10BE8A01D3}
	EndGlobalSection
EndGlobal
